{
  "name": "varol",
  "version": "1.0.0",
  "lockfileVersion": 3,
  "requires": true,
  "packages": {
    "": {
      "name": "varol",
      "version": "1.0.0",
      "dependencies": {
        "currency-codes": "^2.2.0",
        "i18n-iso-countries": "^7.14.0"
      }
    },
    "node_modules/currency-codes": {
      "version": "2.2.0",
      "resolved": "https://registry.npmjs.org/currency-codes/-/currency-codes-2.2.0.tgz",
      "integrity": "sha512-vpbQc5sEYHGdTVAYUhHnKv0DWiYLRvzl/KKyqeHzBh7HD/j3UlWoScpZ9tN/jG6w2feddWoObsBbaNVu5yDapg==",
      "license": "MIT",
      "dependencies": {
        "first-match": "~0.0.1",
        "nub": "~0.0.0"
      }
    },
    "node_modules/diacritics": {
      "version": "1.3.0",
      "resolved": "https://registry.npmjs.org/diacritics/-/diacritics-1.3.0.tgz",
      "integrity": "sha512-wlwEkqcsaxvPJML+rDh/2iS824jbREk6DUMUKkEaSlxdYHeS43cClJtsWglvw2RfeXGm6ohKDqsXteJ5sP5enA==",
      "license": "MIT"
    },
    "node_modules/first-match": {
      "version": "0.0.1",
      "resolved": "https://registry.npmjs.org/first-match/-/first-match-0.0.1.tgz",
      "integrity": "sha512-VvKbnaxrC0polTFDC+teKPTdl2mn6B/KUW+WB3C9RzKDeNwbzfLdnUz3FxC+tnjvus6bI0jWrWicQyVIPdS37A==",
      "license": "MIT"
    },
    "node_modules/i18n-iso-countries": {
      "version": "7.14.0",
      "resolved": "https://registry.npmjs.org/i18n-iso-countries/-/i18n-iso-countries-7.14.0.tgz",
      "integrity": "sha512-nXHJZYtNrfsi1UQbyRqm3Gou431elgLjKl//CYlnBGt5aTWdRPH1PiS2T/p/n8Q8LnqYqzQJik3Q7mkwvLokeg==",
      "license": "MIT",
      "dependencies": {
        "diacritics": "1.3.0"
      },
      "engines": {
        "node": ">= 12"
      }
    },
    "node_modules/nub": {
      "version": "0.0.0",
      "resolved": "https://registry.npmjs.org/nub/-/nub-0.0.0.tgz",
      "integrity": "sha512-dK0Ss9C34R/vV0FfYJXuqDAqHlaW9fvWVufq9MmGF2umCuDbd5GRfRD9fpi/LiM0l4ZXf8IBB+RYmZExqCrf0w==",
      "license": "MIT/X11",
      "engines": {
        "node": "*"
      }
    }
  }
}
